{
  "version": 4,
  "terraform_version": "1.6.2",
  "serial": 21,
  "lineage": "c127b42c-a0db-0a34-e446-fa30e9bc4b2e",
  "outputs": {},
  "resources": [
    {
      "mode": "data",
      "type": "archive_file",
      "name": "simple_lambda_api_zip",
      "provider": "provider[\"registry.terraform.io/hashicorp/archive\"]",
      "instances": [
        {
          "schema_version": 0,
          "attributes": {
            "exclude_symlink_directories": null,
            "excludes": null,
            "id": "1d6cc4b8ecf151454bba55d8b0c8478bbeb43f8e",
            "output_base64sha256": "7Dxgz+hmKT7nw59xzZ1VnH27qolqnNHNFxJXjExQ+PI=",
            "output_base64sha512": "GE72VXygqrZnFXQTk2mUO/ftObNmxWMKiBjnxTDo2UhRFWyqH9S7ptlSIfOhqaH6NGx/VyVrvqiUHUu3e36evw==",
            "output_file_mode": null,
            "output_md5": "0c83cccee975944e833d632e58d2da1e",
            "output_path": "./../src/SimpleLambdaApi.zip",
            "output_sha": "1d6cc4b8ecf151454bba55d8b0c8478bbeb43f8e",
            "output_sha256": "ec3c60cfe866293ee7c39f71cd9d559c7dbbaa896a9cd1cd1712578c4c50f8f2",
            "output_sha512": "184ef6557ca0aab6671574139369943bf7ed39b366c5630a8818e7c530e8d94851156caa1fd4bba6d95221f3a1a9a1fa346c7f57256bbea8941d4bb77b7e9ebf",
            "output_size": 251840,
            "source": [],
            "source_content": null,
            "source_content_filename": null,
            "source_dir": "./../src/SimpleLambdaApi/bin/Release/net6.0/linux-x64",
            "source_file": null,
            "type": "zip"
          },
          "sensitive_attributes": []
        }
      ]
    },
    {
      "mode": "data",
      "type": "aws_iam_policy_document",
      "name": "simple_lambda_api_assume_role_policy",
      "provider": "provider[\"registry.terraform.io/hashicorp/aws\"]",
      "instances": [
        {
          "schema_version": 0,
          "attributes": {
            "id": "2690255455",
            "json": "{\n  \"Version\": \"2012-10-17\",\n  \"Statement\": [\n    {\n      \"Effect\": \"Allow\",\n      \"Action\": \"sts:AssumeRole\",\n      \"Principal\": {\n        \"Service\": \"lambda.amazonaws.com\"\n      }\n    }\n  ]\n}",
            "override_policy_documents": null,
            "policy_id": null,
            "source_policy_documents": null,
            "statement": [
              {
                "actions": [
                  "sts:AssumeRole"
                ],
                "condition": [],
                "effect": "Allow",
                "not_actions": [],
                "not_principals": [],
                "not_resources": [],
                "principals": [
                  {
                    "identifiers": [
                      "lambda.amazonaws.com"
                    ],
                    "type": "Service"
                  }
                ],
                "resources": [],
                "sid": ""
              }
            ],
            "version": "2012-10-17"
          },
          "sensitive_attributes": []
        }
      ]
    },
    {
      "mode": "managed",
      "type": "aws_cloudwatch_log_group",
      "name": "simple_lambda_api",
      "provider": "provider[\"registry.terraform.io/hashicorp/aws\"]",
      "instances": [
        {
          "schema_version": 0,
          "attributes": {
            "arn": "arn:aws:logs:us-east-1:597933701843:log-group:/aws/lambda/AWSLambdaExperiments-simple-lambda-api-lambda",
            "id": "/aws/lambda/AWSLambdaExperiments-simple-lambda-api-lambda",
            "kms_key_id": "",
            "name": "/aws/lambda/AWSLambdaExperiments-simple-lambda-api-lambda",
            "name_prefix": "",
            "retention_in_days": 1,
            "skip_destroy": false,
            "tags": {},
            "tags_all": {}
          },
          "sensitive_attributes": [],
          "private": "bnVsbA==",
          "dependencies": [
            "aws_iam_role.simple_lambda_api",
            "aws_lambda_function.simple_lambda_api",
            "data.archive_file.simple_lambda_api_zip",
            "data.aws_iam_policy_document.simple_lambda_api_assume_role_policy"
          ]
        }
      ]
    },
    {
      "mode": "managed",
      "type": "aws_iam_role",
      "name": "simple_lambda_api",
      "provider": "provider[\"registry.terraform.io/hashicorp/aws\"]",
      "instances": [
        {
          "schema_version": 0,
          "attributes": {
            "arn": "arn:aws:iam::597933701843:role/AWSLambdaExperiments-simple-lambda-api-role",
            "assume_role_policy": "{\"Statement\":[{\"Action\":\"sts:AssumeRole\",\"Effect\":\"Allow\",\"Principal\":{\"Service\":\"lambda.amazonaws.com\"}}],\"Version\":\"2012-10-17\"}",
            "create_date": "2023-10-19T04:14:00Z",
            "description": "",
            "force_detach_policies": false,
            "id": "AWSLambdaExperiments-simple-lambda-api-role",
            "inline_policy": [],
            "managed_policy_arns": [
              "arn:aws:iam::aws:policy/service-role/AWSLambdaBasicExecutionRole"
            ],
            "max_session_duration": 3600,
            "name": "AWSLambdaExperiments-simple-lambda-api-role",
            "name_prefix": "",
            "path": "/",
            "permissions_boundary": null,
            "tags": {
              "Environment": "dev",
              "Name": "AWSLambdaExperiments-simple-lambda-api-role",
              "Project": "SimpleLambdaApi"
            },
            "tags_all": {
              "Environment": "dev",
              "Name": "AWSLambdaExperiments-simple-lambda-api-role",
              "Project": "SimpleLambdaApi"
            },
            "unique_id": "AROAYWN5AHLJRCAXX2JWD"
          },
          "sensitive_attributes": [],
          "private": "bnVsbA==",
          "dependencies": [
            "data.aws_iam_policy_document.simple_lambda_api_assume_role_policy"
          ]
        }
      ]
    },
    {
      "mode": "managed",
      "type": "aws_lambda_function",
      "name": "simple_lambda_api",
      "provider": "provider[\"registry.terraform.io/hashicorp/aws\"]",
      "instances": [
        {
          "schema_version": 0,
          "attributes": {
            "architectures": [
              "x86_64"
            ],
            "arn": "arn:aws:lambda:us-east-1:597933701843:function:AWSLambdaExperiments-simple-lambda-api-lambda",
            "code_signing_config_arn": "",
            "dead_letter_config": [],
            "description": "This is simple Lambda API",
            "environment": [],
            "ephemeral_storage": [
              {
                "size": 512
              }
            ],
            "file_system_config": [],
            "filename": "./../src/SimpleLambdaApi.zip",
            "function_name": "AWSLambdaExperiments-simple-lambda-api-lambda",
            "handler": "SimpleLambdaApi",
            "id": "AWSLambdaExperiments-simple-lambda-api-lambda",
            "image_config": [],
            "image_uri": "",
            "invoke_arn": "arn:aws:apigateway:us-east-1:lambda:path/2015-03-31/functions/arn:aws:lambda:us-east-1:597933701843:function:AWSLambdaExperiments-simple-lambda-api-lambda/invocations",
            "kms_key_arn": "",
            "last_modified": "2023-10-19T04:53:59.000+0000",
            "layers": [],
            "memory_size": 128,
            "package_type": "Zip",
            "publish": false,
            "qualified_arn": "arn:aws:lambda:us-east-1:597933701843:function:AWSLambdaExperiments-simple-lambda-api-lambda:$LATEST",
            "qualified_invoke_arn": "arn:aws:apigateway:us-east-1:lambda:path/2015-03-31/functions/arn:aws:lambda:us-east-1:597933701843:function:AWSLambdaExperiments-simple-lambda-api-lambda:$LATEST/invocations",
            "replace_security_groups_on_destroy": null,
            "replacement_security_group_ids": null,
            "reserved_concurrent_executions": -1,
            "role": "arn:aws:iam::597933701843:role/AWSLambdaExperiments-simple-lambda-api-role",
            "runtime": "dotnet6",
            "s3_bucket": null,
            "s3_key": null,
            "s3_object_version": null,
            "signing_job_arn": "",
            "signing_profile_version_arn": "",
            "skip_destroy": false,
            "snap_start": [],
            "source_code_hash": "7Dxgz+hmKT7nw59xzZ1VnH27qolqnNHNFxJXjExQ+PI=",
            "source_code_size": 251840,
            "tags": {
              "Environment": "dev",
              "Name": "AWSLambdaExperiments-simple-lambda-api-lambda",
              "Project": "SimpleLambdaApi"
            },
            "tags_all": {
              "Environment": "dev",
              "Name": "AWSLambdaExperiments-simple-lambda-api-lambda",
              "Project": "SimpleLambdaApi"
            },
            "timeout": 30,
            "timeouts": null,
            "tracing_config": [
              {
                "mode": "PassThrough"
              }
            ],
            "version": "$LATEST",
            "vpc_config": []
          },
          "sensitive_attributes": [],
          "private": "eyJlMmJmYjczMC1lY2FhLTExZTYtOGY4OC0zNDM2M2JjN2M0YzAiOnsiY3JlYXRlIjo2MDAwMDAwMDAwMDAsImRlbGV0ZSI6NjAwMDAwMDAwMDAwLCJ1cGRhdGUiOjYwMDAwMDAwMDAwMH19",
          "dependencies": [
            "aws_iam_role.simple_lambda_api",
            "data.archive_file.simple_lambda_api_zip",
            "data.aws_iam_policy_document.simple_lambda_api_assume_role_policy"
          ]
        }
      ]
    },
    {
      "mode": "managed",
      "type": "aws_lambda_function_url",
      "name": "test_latest",
      "provider": "provider[\"registry.terraform.io/hashicorp/aws\"]",
      "instances": [
        {
          "schema_version": 0,
          "attributes": {
            "authorization_type": "NONE",
            "cors": [],
            "function_arn": "arn:aws:lambda:us-east-1:597933701843:function:AWSLambdaExperiments-simple-lambda-api-lambda",
            "function_name": "AWSLambdaExperiments-simple-lambda-api-lambda",
            "function_url": "https://lqs3zqflpdcdiwjryi6bm4ykmy0rxota.lambda-url.us-east-1.on.aws/",
            "id": "AWSLambdaExperiments-simple-lambda-api-lambda",
            "invoke_mode": "BUFFERED",
            "qualifier": "",
            "timeouts": null,
            "url_id": "lqs3zqflpdcdiwjryi6bm4ykmy0rxota"
          },
          "sensitive_attributes": [],
          "private": "eyJlMmJmYjczMC1lY2FhLTExZTYtOGY4OC0zNDM2M2JjN2M0YzAiOnsiY3JlYXRlIjo2MDAwMDAwMDAwMDB9fQ=="
        }
      ]
    }
  ],
  "check_results": null
}
